{
  "nodes": {
    "aider": {
      "flake": false,
      "locked": {
        "lastModified": 1714004506,
        "narHash": "sha256-xwXd0dGC+4BU5lUmXVdYXyi8kBBUfy+CgOWjvFGIvfc=",
        "owner": "paul-gauthier",
        "repo": "aider",
        "rev": "ed392205da623835f4e762e86fa237f23da0e623",
        "type": "github"
      },
      "original": {
        "owner": "paul-gauthier",
        "repo": "aider",
        "type": "github"
      }
    },
    "doom-emacs": {
      "flake": false,
      "locked": {
        "lastModified": 1713464448,
        "narHash": "sha256-Fhir4WlcfEh70V8+oNS1LVAGBftiqtD2qaHzOC8BJUI=",
        "owner": "hlissner",
        "repo": "doom-emacs",
        "rev": "9620bb45ac4cd7b0274c497b2d9d93c4ad9364ee",
        "type": "github"
      },
      "original": {
        "owner": "hlissner",
        "repo": "doom-emacs",
        "type": "github"
      }
    },
    "grep-ast": {
      "flake": false,
      "locked": {
        "lastModified": 1703681601,
        "narHash": "sha256-LupRIoy9G/jK02NMV+Uu2+mFX+5b0XV5M2JTfO16RfM=",
        "owner": "paul-gauthier",
        "repo": "grep-ast",
        "rev": "4adb83e164f31c3a9ae364de8a7b14b9481aca60",
        "type": "github"
      },
      "original": {
        "owner": "paul-gauthier",
        "repo": "grep-ast",
        "type": "github"
      }
    },
    "home-manager": {
      "inputs": {
        "nixpkgs": [
          "nixpkgs"
        ]
      },
      "locked": {
        "lastModified": 1714043624,
        "narHash": "sha256-Xn2r0Jv95TswvPlvamCC46wwNo8ALjRCMBJbGykdhcM=",
        "owner": "nix-community",
        "repo": "home-manager",
        "rev": "86853e31dc1b62c6eeed11c667e8cdd0285d4411",
        "type": "github"
      },
      "original": {
        "owner": "nix-community",
        "ref": "release-23.11",
        "repo": "home-manager",
        "type": "github"
      }
    },
    "home-unstable": {
      "inputs": {
        "nixpkgs": [
          "unstable"
        ]
      },
      "locked": {
        "lastModified": 1714042918,
        "narHash": "sha256-4AItZA3EQIiSNAxliuYEJumw/LaVfrMv84gYyrs0r3U=",
        "owner": "nix-community",
        "repo": "home-manager",
        "rev": "0c5704eceefcb7bb238a958f532a86e3b59d76db",
        "type": "github"
      },
      "original": {
        "owner": "nix-community",
        "repo": "home-manager",
        "type": "github"
      }
    },
    "js-debug": {
      "flake": false,
      "locked": {
        "lastModified": 1714170187,
        "narHash": "sha256-1ZJ4azIot4gqr77cUrIB9004n9ILpsCoAmMXHAeqedo=",
        "owner": "microsoft",
        "repo": "vscode-js-debug",
        "rev": "6e29d1de451b2949477d15bcdb126187a16fd93b",
        "type": "github"
      },
      "original": {
        "owner": "microsoft",
        "repo": "vscode-js-debug",
        "type": "github"
      }
    },
    "my-bash-it": {
      "flake": false,
      "locked": {
        "lastModified": 1700442593,
        "narHash": "sha256-ODN4c6mM51oVaYIXi/bU8CsQs9FhgStLzuafuCnE5TY=",
        "owner": "jbotwell",
        "repo": "my_bash_it",
        "rev": "7b3c0c9fa09a657988375f3e9b3e07bba25540da",
        "type": "github"
      },
      "original": {
        "owner": "jbotwell",
        "repo": "my_bash_it",
        "type": "github"
      }
    },
    "nixpkgs": {
      "locked": {
        "lastModified": 1713995372,
        "narHash": "sha256-fFE3M0vCoiSwCX02z8VF58jXFRj9enYUSTqjyHAjrds=",
        "owner": "NixOS",
        "repo": "nixpkgs",
        "rev": "dd37924974b9202f8226ed5d74a252a9785aedf8",
        "type": "github"
      },
      "original": {
        "owner": "NixOS",
        "ref": "nixos-23.11",
        "repo": "nixpkgs",
        "type": "github"
      }
    },
    "root": {
      "inputs": {
        "aider": "aider",
        "doom-emacs": "doom-emacs",
        "grep-ast": "grep-ast",
        "home-manager": "home-manager",
        "home-unstable": "home-unstable",
        "js-debug": "js-debug",
        "my-bash-it": "my-bash-it",
        "nixpkgs": "nixpkgs",
        "tree-sitter-languages": "tree-sitter-languages",
        "unstable": "unstable"
      }
    },
    "tree-sitter-languages": {
      "flake": false,
      "locked": {
        "lastModified": 1707027170,
        "narHash": "sha256-AuPK15xtLiQx6N2OATVJFecsL8k3pOagrWu1GascbwM=",
        "owner": "grantjenks",
        "repo": "py-tree-sitter-languages",
        "rev": "42f4baffec92848be4937b0cc52b2872201fe322",
        "type": "github"
      },
      "original": {
        "owner": "grantjenks",
        "repo": "py-tree-sitter-languages",
        "type": "github"
      }
    },
    "unstable": {
      "locked": {
        "lastModified": 1714076141,
        "narHash": "sha256-Drmja/f5MRHZCskS6mvzFqxEaZMeciScCTFxWVLqWEY=",
        "owner": "NixOS",
        "repo": "nixpkgs",
        "rev": "7bb2ccd8cdc44c91edba16c48d2c8f331fb3d856",
        "type": "github"
      },
      "original": {
        "owner": "NixOS",
        "ref": "nixos-unstable",
        "repo": "nixpkgs",
        "type": "github"
      }
    }
  },
  "root": "root",
  "version": 7
}
